Microsoft Visual Studio Solution File, Format Version 11.00
# Visual Studio 2008

Project("{03BF5548-311F-98C2-C0A5-730215BFFCD3}") = "HciMidProj", "Assembly-CSharp.csproj", "{691AE61E-738D-9711-B13C-62A2394EBD9D}"
EndProject
Global
	GlobalSection(SolutionConfigurationPlatforms) = preSolution
		Debug|Any CPU = Debug|Any CPU
		Release|Any CPU = Release|Any CPU
	EndGlobalSection
	GlobalSection(ProjectConfigurationPlatforms) = postSolution
		{691AE61E-738D-9711-B13C-62A2394EBD9D}.Debug|Any CPU.ActiveCfg = Debug|Any CPU
		{691AE61E-738D-9711-B13C-62A2394EBD9D}.Debug|Any CPU.Build.0 = Debug|Any CPU
		{691AE61E-738D-9711-B13C-62A2394EBD9D}.Release|Any CPU.ActiveCfg = Release|Any CPU
		{691AE61E-738D-9711-B13C-62A2394EBD9D}.Release|Any CPU.Build.0 = Release|Any CPU
	EndGlobalSection
	GlobalSection(SolutionProperties) = preSolution
		HideSolutionNode = FALSE
	EndGlobalSection
	GlobalSection(MonoDevelopProperties) = preSolution
		StartupItem = Assembly-CSharp.csproj
	EndGlobalSection
EndGlobal
